Microsoft Visual Studio Solution File, Format Version 12.00
# Visual Studio Version 17
VisualStudioVersion = 17.5.2.0
MinimumVisualStudioVersion = 10.0.40219.1
Project("{2150E333-8FDC-42A3-9474-1A3956D46DE8}") = "duty-scout", "duty-scout", "{CC6542A8-D173-796E-D13F-62A8E0F871E5}"
EndProject
Project("{FAE04EC0-301F-11D3-BF4B-00C04F79EFBC}") = "duty-scout", "duty-scout.csproj", "{BB5744DF-04F0-271A-DCF6-5F1902BD3953}"
EndProject
Global
	GlobalSection(SolutionConfigurationPlatforms) = preSolution
		Debug|Any CPU = Debug|Any CPU
		Release|Any CPU = Release|Any CPU
	EndGlobalSection
	GlobalSection(ProjectConfigurationPlatforms) = postSolution
		{BB5744DF-04F0-271A-DCF6-5F1902BD3953}.Debug|Any CPU.ActiveCfg = Debug|Any CPU
		{BB5744DF-04F0-271A-DCF6-5F1902BD3953}.Debug|Any CPU.Build.0 = Debug|Any CPU
		{BB5744DF-04F0-271A-DCF6-5F1902BD3953}.Release|Any CPU.ActiveCfg = Release|Any CPU
		{BB5744DF-04F0-271A-DCF6-5F1902BD3953}.Release|Any CPU.Build.0 = Release|Any CPU
	EndGlobalSection
	GlobalSection(SolutionProperties) = preSolution
		HideSolutionNode = FALSE
	EndGlobalSection
	GlobalSection(NestedProjects) = preSolution
		{BB5744DF-04F0-271A-DCF6-5F1902BD3953} = {CC6542A8-D173-796E-D13F-62A8E0F871E5}
	EndGlobalSection
	GlobalSection(ExtensibilityGlobals) = postSolution
		SolutionGuid = {9272AD58-18D0-47D2-9F48-3EE963DD073F}
	EndGlobalSection
EndGlobal
